
Microsoft Visual Studio Solution File, Format Version 12.00
# Visual Studio Version 17
VisualStudioVersion = 17.4.33110.190
MinimumVisualStudioVersion = 10.0.40219.1
Project("{9A19103F-16F7-4668-BE54-9A1E7A4F7556}") = "ctrgamer", "ctrgamer\ctrgamer.csproj", "{D9D5A8D9-2D67-444B-A870-0C0811365169}"
EndProject
Project("{9A19103F-16F7-4668-BE54-9A1E7A4F7556}") = "apictrgamer", "apictrgamer\apictrgamer.csproj", "{9F10E772-9DDD-45E5-9C0C-3A93685383F1}"
EndProject
Project("{9A19103F-16F7-4668-BE54-9A1E7A4F7556}") = "Front-end", "Front-end\Front-end.csproj", "{A6032E9A-B339-44D1-B04D-5385F261C922}"
EndProject
Project("{FAE04EC0-301F-11D3-BF4B-00C04F79EFBC}") = "Front-End-ADM", "Front-End-ADM\Front-End-ADM.csproj", "{B8439E6B-1B9E-4A1F-8F37-506CA5B5C94B}"
EndProject
Global
	GlobalSection(SolutionConfigurationPlatforms) = preSolution
		Debug|Any CPU = Debug|Any CPU
		Release|Any CPU = Release|Any CPU
	EndGlobalSection
	GlobalSection(ProjectConfigurationPlatforms) = postSolution
		{D9D5A8D9-2D67-444B-A870-0C0811365169}.Debug|Any CPU.ActiveCfg = Debug|Any CPU
		{D9D5A8D9-2D67-444B-A870-0C0811365169}.Debug|Any CPU.Build.0 = Debug|Any CPU
		{D9D5A8D9-2D67-444B-A870-0C0811365169}.Release|Any CPU.ActiveCfg = Release|Any CPU
		{D9D5A8D9-2D67-444B-A870-0C0811365169}.Release|Any CPU.Build.0 = Release|Any CPU
		{9F10E772-9DDD-45E5-9C0C-3A93685383F1}.Debug|Any CPU.ActiveCfg = Debug|Any CPU
		{9F10E772-9DDD-45E5-9C0C-3A93685383F1}.Debug|Any CPU.Build.0 = Debug|Any CPU
		{9F10E772-9DDD-45E5-9C0C-3A93685383F1}.Release|Any CPU.ActiveCfg = Release|Any CPU
		{9F10E772-9DDD-45E5-9C0C-3A93685383F1}.Release|Any CPU.Build.0 = Release|Any CPU
		{A6032E9A-B339-44D1-B04D-5385F261C922}.Debug|Any CPU.ActiveCfg = Debug|Any CPU
		{A6032E9A-B339-44D1-B04D-5385F261C922}.Debug|Any CPU.Build.0 = Debug|Any CPU
		{A6032E9A-B339-44D1-B04D-5385F261C922}.Release|Any CPU.ActiveCfg = Release|Any CPU
		{A6032E9A-B339-44D1-B04D-5385F261C922}.Release|Any CPU.Build.0 = Release|Any CPU
		{B8439E6B-1B9E-4A1F-8F37-506CA5B5C94B}.Debug|Any CPU.ActiveCfg = Debug|Any CPU
		{B8439E6B-1B9E-4A1F-8F37-506CA5B5C94B}.Debug|Any CPU.Build.0 = Debug|Any CPU
		{B8439E6B-1B9E-4A1F-8F37-506CA5B5C94B}.Release|Any CPU.ActiveCfg = Release|Any CPU
		{B8439E6B-1B9E-4A1F-8F37-506CA5B5C94B}.Release|Any CPU.Build.0 = Release|Any CPU
	EndGlobalSection
	GlobalSection(SolutionProperties) = preSolution
		HideSolutionNode = FALSE
	EndGlobalSection
	GlobalSection(ExtensibilityGlobals) = postSolution
		SolutionGuid = {25F284F7-8B55-418D-A076-8FD67753A69D}
	EndGlobalSection
EndGlobal
